// !$*UTF8*$!
{ archiveVersion = 1; classes = {}; objectVersion = 56; objects = {
184B59C24E4BB9B793D7E7E8 = { isa = PBXFileReference; lastKnownFileType = sourcecode.swift; path = "Courses/App/CoursesApp.swift"; sourceTree = SOURCE_ROOT; };
5EAF599294DBCC66F505782A = { isa = PBXBuildFile; fileRef = 184B59C24E4BB9B793D7E7E8; };
3C69F3F079F8CB3336B5CFDB = { isa = PBXFileReference; lastKnownFileType = sourcecode.swift; path = "Courses/App/Intelligence.swift"; sourceTree = SOURCE_ROOT; };
1872FA6B55F01812FA1CE52A = { isa = PBXBuildFile; fileRef = 3C69F3F079F8CB3336B5CFDB; };
5BAA074F0DCF79D47F5F8365 = { isa = PBXFileReference; lastKnownFileType = sourcecode.swift; path = "Courses/App/ShoppingView.swift"; sourceTree = SOURCE_ROOT; };
B9167B4BB43D224A97983F99 = { isa = PBXBuildFile; fileRef = 5BAA074F0DCF79D47F5F8365; };
C931C79178FCB76777B87F31 = { isa = PBXFileReference; lastKnownFileType = sourcecode.swift; path = "Courses/App/Store.swift"; sourceTree = SOURCE_ROOT; };
D3749FC3C1E782AA4F9A4371 = { isa = PBXBuildFile; fileRef = C931C79178FCB76777B87F31; };
A55291814477FA2C37C8EF9B = { isa = PBXFileReference; lastKnownFileType = sourcecode.swift; path = "Courses/Core/ShoppingList.swift"; sourceTree = SOURCE_ROOT; };
FE928E0C6247409A51E5BD79 = { isa = PBXBuildFile; fileRef = A55291814477FA2C37C8EF9B; };
38A007151ABE87CC01A5B6E9 = { isa = PBXFileReference; explicitFileType = wrapper.application; path = Courses.app; sourceTree = BUILT_PRODUCTS_DIR; };
FBDC4F23F93125BBEEAE800C = { isa = PBXGroup; children = (38A007151ABE87CC01A5B6E9,); name = Products; sourceTree = "<group>"; };
64292B1C2B2E13EAD8788FC8 = { isa = PBXGroup; children = (184B59C24E4BB9B793D7E7E8,3C69F3F079F8CB3336B5CFDB,5BAA074F0DCF79D47F5F8365,C931C79178FCB76777B87F31,A55291814477FA2C37C8EF9B,FBDC4F23F93125BBEEAE800C,); sourceTree = "<group>"; };
BCE16DD0260827ECF338C787 = { isa = PBXSourcesBuildPhase; buildActionMask = 2147483647; files = (5EAF599294DBCC66F505782A,1872FA6B55F01812FA1CE52A,B9167B4BB43D224A97983F99,D3749FC3C1E782AA4F9A4371,FE928E0C6247409A51E5BD79,); runOnlyForDeploymentPostprocessing = 0; };
7561BFB015D8F536760CB671 = { isa = PBXFrameworksBuildPhase; buildActionMask = 2147483647; files = (); runOnlyForDeploymentPostprocessing = 0; };
0189424A5A60FED329FA868E = { isa = PBXResourcesBuildPhase; buildActionMask = 2147483647; files = (); runOnlyForDeploymentPostprocessing = 0; };
89E1FD6268CC0F221A2BE178 = { isa = XCBuildConfiguration; name = Debug; buildSettings = { SDKROOT = iphoneos; IPHONEOS_DEPLOYMENT_TARGET = 26.0; CLANG_ENABLE_MODULES = YES; SWIFT_VERSION = 6.0; SWIFT_OPTIMIZATION_LEVEL = "-Onone"; }; };
7082CC0B6FC1282FCEABD07A = { isa = XCBuildConfiguration; name = Debug; buildSettings = { PRODUCT_NAME = Courses; PRODUCT_BUNDLE_IDENTIFIER = "com.valentin.courses"; GENERATE_INFOPLIST_FILE = YES; INFOPLIST_KEY_CFBundleDisplayName = "Mes courses"; INFOPLIST_KEY_LSApplicationCategoryType = "public.app-category.shopping"; INFOPLIST_KEY_UILaunchScreen_Generation = YES; INFOPLIST_KEY_UIApplicationSceneManifest_Generation = YES; INFOPLIST_KEY_UISupportedInterfaceOrientations_iPhone = "UIInterfaceOrientationPortrait UIInterfaceOrientationLandscapeLeft UIInterfaceOrientationLandscapeRight"; TARGETED_DEVICE_FAMILY = 1; SUPPORTED_PLATFORMS = "iphoneos iphonesimulator"; CODE_SIGN_STYLE = Automatic; CURRENT_PROJECT_VERSION = 1; MARKETING_VERSION = 0.1.0; SWIFT_EMIT_LOC_STRINGS = YES; }; };
E6DE6C99132752C914FEF632 = { isa = XCBuildConfiguration; name = Release; buildSettings = { SDKROOT = iphoneos; IPHONEOS_DEPLOYMENT_TARGET = 26.0; CLANG_ENABLE_MODULES = YES; SWIFT_VERSION = 6.0; SWIFT_OPTIMIZATION_LEVEL = "-O"; }; };
639A7CA24D39909E713B47F7 = { isa = XCBuildConfiguration; name = Release; buildSettings = { PRODUCT_NAME = Courses; PRODUCT_BUNDLE_IDENTIFIER = "com.valentin.courses"; GENERATE_INFOPLIST_FILE = YES; INFOPLIST_KEY_CFBundleDisplayName = "Mes courses"; INFOPLIST_KEY_LSApplicationCategoryType = "public.app-category.shopping"; INFOPLIST_KEY_UILaunchScreen_Generation = YES; INFOPLIST_KEY_UIApplicationSceneManifest_Generation = YES; INFOPLIST_KEY_UISupportedInterfaceOrientations_iPhone = "UIInterfaceOrientationPortrait UIInterfaceOrientationLandscapeLeft UIInterfaceOrientationLandscapeRight"; TARGETED_DEVICE_FAMILY = 1; SUPPORTED_PLATFORMS = "iphoneos iphonesimulator"; CODE_SIGN_STYLE = Automatic; CURRENT_PROJECT_VERSION = 1; MARKETING_VERSION = 0.1.0; SWIFT_EMIT_LOC_STRINGS = YES; }; };
862894B703A6DEDF96A9DD6C = { isa = XCConfigurationList; buildConfigurations = (89E1FD6268CC0F221A2BE178,E6DE6C99132752C914FEF632,); defaultConfigurationIsVisible = 0; defaultConfigurationName = Release; };
C57128001CE614BF8549D6BB = { isa = XCConfigurationList; buildConfigurations = (7082CC0B6FC1282FCEABD07A,639A7CA24D39909E713B47F7,); defaultConfigurationIsVisible = 0; defaultConfigurationName = Release; };
0E8A3AD980EC179856012B7E = { isa = PBXNativeTarget; buildConfigurationList = C57128001CE614BF8549D6BB; buildPhases = (BCE16DD0260827ECF338C787,7561BFB015D8F536760CB671,0189424A5A60FED329FA868E,); buildRules = (); dependencies = (); name = Courses; productName = Courses; productReference = 38A007151ABE87CC01A5B6E9; productType = "com.apple.product-type.application"; };
98F54143AB4E86B28C3AFEE0 = { isa = PBXProject; attributes = { LastSwiftUpdateCheck = 2660; LastUpgradeCheck = 2660; }; buildConfigurationList = 862894B703A6DEDF96A9DD6C; compatibilityVersion = "Xcode 14.0"; developmentRegion = fr; hasScannedForEncodings = 0; knownRegions = (fr, Base,); mainGroup = 64292B1C2B2E13EAD8788FC8; productRefGroup = FBDC4F23F93125BBEEAE800C; projectDirPath = ""; projectRoot = ""; targets = (0E8A3AD980EC179856012B7E,); };
}; rootObject = 98F54143AB4E86B28C3AFEE0; }
